{
  "name": "ossplate",
  "version": "0.1.18",
  "lockfileVersion": 3,
  "requires": true,
  "packages": {
    "": {
      "name": "ossplate",
      "version": "0.1.18",
      "license": "Unlicense",
      "bin": {
        "ossplate": "bin/ossplate.js"
      },
      "devDependencies": {
        "@types/node": "^24.6.0",
        "typescript": "^5.9.3"
      },
      "optionalDependencies": {
        "ossplate-darwin-arm64": "0.1.18",
        "ossplate-darwin-x64": "0.1.18",
        "ossplate-linux-x64": "0.1.18",
        "ossplate-windows-x64": "0.1.18"
      }
    },
    "node_modules/@types/node": {
      "version": "24.12.0",
      "resolved": "https://registry.npmjs.org/@types/node/-/node-24.12.0.tgz",
      "integrity": "sha512-GYDxsZi3ChgmckRT9HPU0WEhKLP08ev/Yfcq2AstjrDASOYCSXeyjDsHg4v5t4jOj7cyDX3vmprafKlWIG9MXQ==",
      "dev": true,
      "license": "MIT",
      "dependencies": {
        "undici-types": "~7.16.0"
      }
    },
    "node_modules/ossplate-darwin-arm64": {
      "version": "0.1.18",
      "resolved": "https://registry.npmjs.org/ossplate-darwin-arm64/-/ossplate-darwin-arm64-0.1.18.tgz",
      "integrity": "sha512-ICT3dxSchr3k50UU0pCgU5Z+ZJp7Mc46PRwRxTyJhWPcpLOm2Dod42InA8+il41Cd9jJN/jl20H6Ozv3H0fukg==",
      "cpu": [
        "arm64"
      ],
      "license": "Unlicense",
      "optional": true,
      "os": [
        "darwin"
      ]
    },
    "node_modules/ossplate-darwin-x64": {
      "version": "0.1.18",
      "resolved": "https://registry.npmjs.org/ossplate-darwin-x64/-/ossplate-darwin-x64-0.1.18.tgz",
      "integrity": "sha512-tZ0EZ53IgEGVwpFeT6JiSkzPaferER0F5sTyWYHK/wcS9y93MXH67N3C4ZPHi969C22o7DiV6YgNvvQfw/1AZw==",
      "cpu": [
        "x64"
      ],
      "license": "Unlicense",
      "optional": true,
      "os": [
        "darwin"
      ]
    },
    "node_modules/ossplate-linux-x64": {
      "version": "0.1.18",
      "resolved": "https://registry.npmjs.org/ossplate-linux-x64/-/ossplate-linux-x64-0.1.18.tgz",
      "integrity": "sha512-je0MIl+imC2EzkicN2IgDZQEqT8MrbaftDAJ3V3deXayYa3JKmAw+IV1wjEK16JJ91fyycnPcp8P7UGD/N9PkA==",
      "cpu": [
        "x64"
      ],
      "license": "Unlicense",
      "optional": true,
      "os": [
        "linux"
      ]
    },
    "node_modules/ossplate-windows-x64": {
      "version": "0.1.18",
      "resolved": "https://registry.npmjs.org/ossplate-windows-x64/-/ossplate-windows-x64-0.1.18.tgz",
      "integrity": "sha512-/6WYGEaWYofGdO0GVfnWIrGz/rOImV6TvaXTWsRr1QaKGP+2PD/+nCEfTmmX+fXVce9UWa/IHVy+G1CB9ZgY3w==",
      "cpu": [
        "x64"
      ],
      "license": "Unlicense",
      "optional": true,
      "os": [
        "win32"
      ]
    },
    "node_modules/typescript": {
      "version": "5.9.3",
      "resolved": "https://registry.npmjs.org/typescript/-/typescript-5.9.3.tgz",
      "integrity": "sha512-jl1vZzPDinLr9eUt3J/t7V6FgNEw9QjvBPdysz9KfQDD41fQrC2Y4vKQdiaUpFT4bXlb1RHhLpp8wtm6M5TgSw==",
      "dev": true,
      "license": "Apache-2.0",
      "bin": {
        "tsc": "bin/tsc",
        "tsserver": "bin/tsserver"
      },
      "engines": {
        "node": ">=14.17"
      }
    },
    "node_modules/undici-types": {
      "version": "7.16.0",
      "resolved": "https://registry.npmjs.org/undici-types/-/undici-types-7.16.0.tgz",
      "integrity": "sha512-Zz+aZWSj8LE6zoxD+xrjh4VfkIG8Ya6LvYkZqtUQGJPZjYl53ypCaUwWqo7eI0x66KBGeRo+mlBEkMSeSZ38Nw==",
      "dev": true,
      "license": "MIT"
    }
  }
}
