{
  "name": "ossplate",
  "version": "0.4.2",
  "lockfileVersion": 3,
  "requires": true,
  "packages": {
    "": {
      "name": "ossplate",
      "version": "0.4.2",
      "license": "Unlicense",
      "bin": {
        "ossplate": "bin/ossplate.js"
      },
      "devDependencies": {
        "@types/node": "^24.6.0",
        "typescript": "^5.9.3"
      },
      "optionalDependencies": {
        "ossplate-darwin-arm64": "0.4.2",
        "ossplate-darwin-x64": "0.4.2",
        "ossplate-linux-x64": "0.4.2",
        "ossplate-windows-x64": "0.4.2"
      }
    },
    "node_modules/@types/node": {
      "version": "24.12.0",
      "resolved": "https://registry.npmjs.org/@types/node/-/node-24.12.0.tgz",
      "integrity": "sha512-GYDxsZi3ChgmckRT9HPU0WEhKLP08ev/Yfcq2AstjrDASOYCSXeyjDsHg4v5t4jOj7cyDX3vmprafKlWIG9MXQ==",
      "dev": true,
      "license": "MIT",
      "dependencies": {
        "undici-types": "~7.16.0"
      }
    },
    "node_modules/ossplate-darwin-arm64": {
      "version": "0.4.2",
      "resolved": "https://registry.npmjs.org/ossplate-darwin-arm64/-/ossplate-darwin-arm64-0.4.2.tgz",
      "integrity": "sha512-HY5mA0xuXH0l5EUyARwHmp5/ANbjf8/Z6NSe0poEwg9kEd3CxlW7vK9JBMDCrwzaj5zNu28YAQGyv6SPwPdKxA==",
      "cpu": [
        "arm64"
      ],
      "license": "Unlicense",
      "optional": true,
      "os": [
        "darwin"
      ]
    },
    "node_modules/ossplate-darwin-x64": {
      "version": "0.4.2",
      "resolved": "https://registry.npmjs.org/ossplate-darwin-x64/-/ossplate-darwin-x64-0.4.2.tgz",
      "integrity": "sha512-aC+tn40zToSQEpF8Wd3n6oVr5t4r2514F35y7mvJVIDgfi169a2EurErxzou6OnSyJMPxsjxvNuk2UBzPPcrqg==",
      "cpu": [
        "x64"
      ],
      "license": "Unlicense",
      "optional": true,
      "os": [
        "darwin"
      ]
    },
    "node_modules/ossplate-linux-x64": {
      "version": "0.4.2",
      "resolved": "https://registry.npmjs.org/ossplate-linux-x64/-/ossplate-linux-x64-0.4.2.tgz",
      "integrity": "sha512-EvwghZ8xOjY3Pm3Ti45u+2WW10b6XNoILm7ORqt9kJkOU+GwTxu+TLvLBRD4kFVBBcG5O0BRLSv7b06OAEuRfQ==",
      "cpu": [
        "x64"
      ],
      "license": "Unlicense",
      "optional": true,
      "os": [
        "linux"
      ]
    },
    "node_modules/ossplate-windows-x64": {
      "version": "0.4.2",
      "resolved": "https://registry.npmjs.org/ossplate-windows-x64/-/ossplate-windows-x64-0.4.2.tgz",
      "integrity": "sha512-q9BVo1w28aEXOT58oB9SrOtyAJ1c53BqEJJuLwx2pGfhJMz6KvSc9mCbfS02HVRd7tbbYCbtnUC/O1Hq5ilR8Q==",
      "cpu": [
        "x64"
      ],
      "license": "Unlicense",
      "optional": true,
      "os": [
        "win32"
      ]
    },
    "node_modules/typescript": {
      "version": "5.9.3",
      "resolved": "https://registry.npmjs.org/typescript/-/typescript-5.9.3.tgz",
      "integrity": "sha512-jl1vZzPDinLr9eUt3J/t7V6FgNEw9QjvBPdysz9KfQDD41fQrC2Y4vKQdiaUpFT4bXlb1RHhLpp8wtm6M5TgSw==",
      "dev": true,
      "license": "Apache-2.0",
      "bin": {
        "tsc": "bin/tsc",
        "tsserver": "bin/tsserver"
      },
      "engines": {
        "node": ">=14.17"
      }
    },
    "node_modules/undici-types": {
      "version": "7.16.0",
      "resolved": "https://registry.npmjs.org/undici-types/-/undici-types-7.16.0.tgz",
      "integrity": "sha512-Zz+aZWSj8LE6zoxD+xrjh4VfkIG8Ya6LvYkZqtUQGJPZjYl53ypCaUwWqo7eI0x66KBGeRo+mlBEkMSeSZ38Nw==",
      "dev": true,
      "license": "MIT"
    }
  }
}
