{
  "name": "ossplate",
  "version": "0.4.3",
  "lockfileVersion": 3,
  "requires": true,
  "packages": {
    "": {
      "name": "ossplate",
      "version": "0.4.3",
      "license": "Unlicense",
      "bin": {
        "ossplate": "bin/ossplate.js"
      },
      "devDependencies": {
        "@types/node": "^24.6.0",
        "typescript": "^5.9.3"
      },
      "optionalDependencies": {
        "ossplate-darwin-arm64": "0.4.3",
        "ossplate-darwin-x64": "0.4.3",
        "ossplate-linux-x64": "0.4.3",
        "ossplate-windows-x64": "0.4.3"
      }
    },
    "node_modules/@types/node": {
      "version": "24.12.0",
      "resolved": "https://registry.npmjs.org/@types/node/-/node-24.12.0.tgz",
      "integrity": "sha512-GYDxsZi3ChgmckRT9HPU0WEhKLP08ev/Yfcq2AstjrDASOYCSXeyjDsHg4v5t4jOj7cyDX3vmprafKlWIG9MXQ==",
      "dev": true,
      "license": "MIT",
      "dependencies": {
        "undici-types": "~7.16.0"
      }
    },
    "node_modules/ossplate-darwin-arm64": {
      "version": "0.4.3",
      "resolved": "https://registry.npmjs.org/ossplate-darwin-arm64/-/ossplate-darwin-arm64-0.4.3.tgz",
      "integrity": "sha512-UlOs6aG2SP7vdwJQWcUeqnDR7t2zmydP+wGcVT2x0fSBFgZnl0k3Dxffn44qtrwURh9WEuqepOXunO9aLm+A7w==",
      "cpu": [
        "arm64"
      ],
      "license": "Unlicense",
      "optional": true,
      "os": [
        "darwin"
      ]
    },
    "node_modules/ossplate-darwin-x64": {
      "version": "0.4.3",
      "resolved": "https://registry.npmjs.org/ossplate-darwin-x64/-/ossplate-darwin-x64-0.4.3.tgz",
      "integrity": "sha512-LrLGVshuzpM26LSbXBJl/ORG8oSqwKClEGlF4LZfEfUr8P9VJNRl1XkEHni8l0z6oexh5pPM5b+rLaMV5TWXwQ==",
      "cpu": [
        "x64"
      ],
      "license": "Unlicense",
      "optional": true,
      "os": [
        "darwin"
      ]
    },
    "node_modules/ossplate-linux-x64": {
      "version": "0.4.3",
      "resolved": "https://registry.npmjs.org/ossplate-linux-x64/-/ossplate-linux-x64-0.4.3.tgz",
      "integrity": "sha512-MtPnaJBNfBoN1z9h6KdREpGy8/SQLhtEw5rfEV9Jq6k2lMNt7Ec9hqA6mZRGi7nm+4gwsccr7PTsUr1fZdVJ/w==",
      "cpu": [
        "x64"
      ],
      "license": "Unlicense",
      "optional": true,
      "os": [
        "linux"
      ]
    },
    "node_modules/ossplate-windows-x64": {
      "version": "0.4.3",
      "resolved": "https://registry.npmjs.org/ossplate-windows-x64/-/ossplate-windows-x64-0.4.3.tgz",
      "integrity": "sha512-Q1ZIgQeVwQ0+/Nvbf2xPZK5MW7GwAaDOEVeSNOPJLLIgNrgNddy/9zc9sFmhEy8sIG3iu3gF92PS3YwKKC3OlA==",
      "cpu": [
        "x64"
      ],
      "license": "Unlicense",
      "optional": true,
      "os": [
        "win32"
      ]
    },
    "node_modules/typescript": {
      "version": "5.9.3",
      "resolved": "https://registry.npmjs.org/typescript/-/typescript-5.9.3.tgz",
      "integrity": "sha512-jl1vZzPDinLr9eUt3J/t7V6FgNEw9QjvBPdysz9KfQDD41fQrC2Y4vKQdiaUpFT4bXlb1RHhLpp8wtm6M5TgSw==",
      "dev": true,
      "license": "Apache-2.0",
      "bin": {
        "tsc": "bin/tsc",
        "tsserver": "bin/tsserver"
      },
      "engines": {
        "node": ">=14.17"
      }
    },
    "node_modules/undici-types": {
      "version": "7.16.0",
      "resolved": "https://registry.npmjs.org/undici-types/-/undici-types-7.16.0.tgz",
      "integrity": "sha512-Zz+aZWSj8LE6zoxD+xrjh4VfkIG8Ya6LvYkZqtUQGJPZjYl53ypCaUwWqo7eI0x66KBGeRo+mlBEkMSeSZ38Nw==",
      "dev": true,
      "license": "MIT"
    }
  }
}
