{
  "name": "ossplate",
  "version": "0.5.4",
  "lockfileVersion": 3,
  "requires": true,
  "packages": {
    "": {
      "name": "ossplate",
      "version": "0.5.4",
      "license": "Unlicense",
      "bin": {
        "ossplate": "bin/ossplate.js"
      },
      "devDependencies": {
        "@types/node": "^24.6.0",
        "typescript": "^5.9.3"
      },
      "optionalDependencies": {
        "ossplate-darwin-arm64": "0.5.4",
        "ossplate-darwin-x64": "0.5.4",
        "ossplate-linux-x64": "0.5.4",
        "ossplate-windows-x64": "0.5.4"
      }
    },
    "node_modules/@types/node": {
      "version": "24.12.0",
      "resolved": "https://registry.npmjs.org/@types/node/-/node-24.12.0.tgz",
      "integrity": "sha512-GYDxsZi3ChgmckRT9HPU0WEhKLP08ev/Yfcq2AstjrDASOYCSXeyjDsHg4v5t4jOj7cyDX3vmprafKlWIG9MXQ==",
      "dev": true,
      "license": "MIT",
      "dependencies": {
        "undici-types": "~7.16.0"
      }
    },
    "node_modules/ossplate-darwin-arm64": {
      "version": "0.5.4",
      "resolved": "https://registry.npmjs.org/ossplate-darwin-arm64/-/ossplate-darwin-arm64-0.5.4.tgz",
      "integrity": "sha512-I7Mba//UOyZj1wwzTggLu9j0ZUf3qgbMQzBmVzvTUQAHhrs/tiQKwmT4aFonjWHmy7L1+nO6jfB3d13HySgVzA==",
      "cpu": [
        "arm64"
      ],
      "license": "Unlicense",
      "optional": true,
      "os": [
        "darwin"
      ]
    },
    "node_modules/ossplate-darwin-x64": {
      "version": "0.5.4",
      "resolved": "https://registry.npmjs.org/ossplate-darwin-x64/-/ossplate-darwin-x64-0.5.4.tgz",
      "integrity": "sha512-BTaVF5VV4mB2dVu2w/fw/weWpd1XHuXZTeuuzRs6gb8IzdaN4hO5MuQ/YUMZ/9Ac/gttzhpRenfKjnp87ytFgw==",
      "cpu": [
        "x64"
      ],
      "license": "Unlicense",
      "optional": true,
      "os": [
        "darwin"
      ]
    },
    "node_modules/ossplate-linux-x64": {
      "version": "0.5.4",
      "resolved": "https://registry.npmjs.org/ossplate-linux-x64/-/ossplate-linux-x64-0.5.4.tgz",
      "integrity": "sha512-jq0OZNbfEKvqVvKbiwvp8NnUOeAsdCTBfv9SuY1w4U0ylIF1nJPmwEAPjEu+DinPXCYwHWXnbcuAql3fduU1Sw==",
      "cpu": [
        "x64"
      ],
      "license": "Unlicense",
      "optional": true,
      "os": [
        "linux"
      ]
    },
    "node_modules/ossplate-windows-x64": {
      "version": "0.5.4",
      "resolved": "https://registry.npmjs.org/ossplate-windows-x64/-/ossplate-windows-x64-0.5.4.tgz",
      "integrity": "sha512-ZBLjc8OPZZWD09mHuRbU9jaQ+NHtMx4n7DesV109fyms16tCuE6jQv45clin7YQkYQJBEqrNu4Fanyf1d8xmsg==",
      "cpu": [
        "x64"
      ],
      "license": "Unlicense",
      "optional": true,
      "os": [
        "win32"
      ]
    },
    "node_modules/typescript": {
      "version": "5.9.3",
      "resolved": "https://registry.npmjs.org/typescript/-/typescript-5.9.3.tgz",
      "integrity": "sha512-jl1vZzPDinLr9eUt3J/t7V6FgNEw9QjvBPdysz9KfQDD41fQrC2Y4vKQdiaUpFT4bXlb1RHhLpp8wtm6M5TgSw==",
      "dev": true,
      "license": "Apache-2.0",
      "bin": {
        "tsc": "bin/tsc",
        "tsserver": "bin/tsserver"
      },
      "engines": {
        "node": ">=14.17"
      }
    },
    "node_modules/undici-types": {
      "version": "7.16.0",
      "resolved": "https://registry.npmjs.org/undici-types/-/undici-types-7.16.0.tgz",
      "integrity": "sha512-Zz+aZWSj8LE6zoxD+xrjh4VfkIG8Ya6LvYkZqtUQGJPZjYl53ypCaUwWqo7eI0x66KBGeRo+mlBEkMSeSZ38Nw==",
      "dev": true,
      "license": "MIT"
    }
  }
}
